
Microsoft Visual Studio Solution File, Format Version 12.00
# Visual Studio Version 17
VisualStudioVersion = 17.5.33627.172
MinimumVisualStudioVersion = 10.0.40219.1
Project("{2150E333-8FDC-42A3-9474-1A3956D46DE8}") = "Core", "Core", "{ADCAC954-CCF2-467A-9367-89B2196B0B95}"
EndProject
Project("{2150E333-8FDC-42A3-9474-1A3956D46DE8}") = "Host", "Host", "{3DDC9D5E-BDEE-4DF4-BD02-68F8C990C3EB}"
EndProject
Project("{2150E333-8FDC-42A3-9474-1A3956D46DE8}") = "Infra", "Infra", "{8E1E51C3-B414-44FA-891A-5E8A36689BD8}"
EndProject
Project("{9A19103F-16F7-4668-BE54-9A1E7A4F7556}") = "WebTopicChat.Application", "Core\WebTopicChat.Application\WebTopicChat.Application.csproj", "{E2A5802A-3326-428F-A3D4-5F9F1529E727}"
EndProject
Project("{9A19103F-16F7-4668-BE54-9A1E7A4F7556}") = "WebTopicChat.Domain", "Core\WebTopicChat.Domain\WebTopicChat.Domain.csproj", "{E7321602-5B1F-42C2-9F61-CDE58FD38561}"
EndProject
Project("{9A19103F-16F7-4668-BE54-9A1E7A4F7556}") = "WebTopicChat.ClientMVC", "Host\WebTopicChat.ClientMVC\WebTopicChat.ClientMVC.csproj", "{5FFE6523-C389-4646-A2A4-44F299074687}"
EndProject
Project("{9A19103F-16F7-4668-BE54-9A1E7A4F7556}") = "WebTopicChat.ServerAPI", "Host\WebTopicChat.ServerAPI\WebTopicChat.ServerAPI.csproj", "{15D588E0-79D7-4D11-8EE7-D9771C8761F3}"
EndProject
Project("{9A19103F-16F7-4668-BE54-9A1E7A4F7556}") = "WebTopicChat.Infrastruture", "Infra\WebTopicChat.Infrastructure\WebTopicChat.Infrastruture.csproj", "{BD3917FD-9DE1-410C-B286-0A979C4AABBF}"
EndProject
Project("{9A19103F-16F7-4668-BE54-9A1E7A4F7556}") = "WebTopicChat.ServerSocket", "Host\WebTopicChat.ServerSocket\WebTopicChat.ServerSocket.csproj", "{C25D48D4-CF7C-4A73-8DA4-622F1CC02D54}"
EndProject
Global
	GlobalSection(SolutionConfigurationPlatforms) = preSolution
		Debug|Any CPU = Debug|Any CPU
		Release|Any CPU = Release|Any CPU
	EndGlobalSection
	GlobalSection(ProjectConfigurationPlatforms) = postSolution
		{E2A5802A-3326-428F-A3D4-5F9F1529E727}.Debug|Any CPU.ActiveCfg = Debug|Any CPU
		{E2A5802A-3326-428F-A3D4-5F9F1529E727}.Debug|Any CPU.Build.0 = Debug|Any CPU
		{E2A5802A-3326-428F-A3D4-5F9F1529E727}.Release|Any CPU.ActiveCfg = Release|Any CPU
		{E2A5802A-3326-428F-A3D4-5F9F1529E727}.Release|Any CPU.Build.0 = Release|Any CPU
		{E7321602-5B1F-42C2-9F61-CDE58FD38561}.Debug|Any CPU.ActiveCfg = Debug|Any CPU
		{E7321602-5B1F-42C2-9F61-CDE58FD38561}.Debug|Any CPU.Build.0 = Debug|Any CPU
		{E7321602-5B1F-42C2-9F61-CDE58FD38561}.Release|Any CPU.ActiveCfg = Release|Any CPU
		{E7321602-5B1F-42C2-9F61-CDE58FD38561}.Release|Any CPU.Build.0 = Release|Any CPU
		{5FFE6523-C389-4646-A2A4-44F299074687}.Debug|Any CPU.ActiveCfg = Debug|Any CPU
		{5FFE6523-C389-4646-A2A4-44F299074687}.Debug|Any CPU.Build.0 = Debug|Any CPU
		{5FFE6523-C389-4646-A2A4-44F299074687}.Release|Any CPU.ActiveCfg = Release|Any CPU
		{5FFE6523-C389-4646-A2A4-44F299074687}.Release|Any CPU.Build.0 = Release|Any CPU
		{15D588E0-79D7-4D11-8EE7-D9771C8761F3}.Debug|Any CPU.ActiveCfg = Debug|Any CPU
		{15D588E0-79D7-4D11-8EE7-D9771C8761F3}.Debug|Any CPU.Build.0 = Debug|Any CPU
		{15D588E0-79D7-4D11-8EE7-D9771C8761F3}.Release|Any CPU.ActiveCfg = Release|Any CPU
		{15D588E0-79D7-4D11-8EE7-D9771C8761F3}.Release|Any CPU.Build.0 = Release|Any CPU
		{BD3917FD-9DE1-410C-B286-0A979C4AABBF}.Debug|Any CPU.ActiveCfg = Debug|Any CPU
		{BD3917FD-9DE1-410C-B286-0A979C4AABBF}.Debug|Any CPU.Build.0 = Debug|Any CPU
		{BD3917FD-9DE1-410C-B286-0A979C4AABBF}.Release|Any CPU.ActiveCfg = Release|Any CPU
		{BD3917FD-9DE1-410C-B286-0A979C4AABBF}.Release|Any CPU.Build.0 = Release|Any CPU
		{C25D48D4-CF7C-4A73-8DA4-622F1CC02D54}.Debug|Any CPU.ActiveCfg = Debug|Any CPU
		{C25D48D4-CF7C-4A73-8DA4-622F1CC02D54}.Debug|Any CPU.Build.0 = Debug|Any CPU
		{C25D48D4-CF7C-4A73-8DA4-622F1CC02D54}.Release|Any CPU.ActiveCfg = Release|Any CPU
		{C25D48D4-CF7C-4A73-8DA4-622F1CC02D54}.Release|Any CPU.Build.0 = Release|Any CPU
	EndGlobalSection
	GlobalSection(SolutionProperties) = preSolution
		HideSolutionNode = FALSE
	EndGlobalSection
	GlobalSection(NestedProjects) = preSolution
		{E2A5802A-3326-428F-A3D4-5F9F1529E727} = {ADCAC954-CCF2-467A-9367-89B2196B0B95}
		{E7321602-5B1F-42C2-9F61-CDE58FD38561} = {ADCAC954-CCF2-467A-9367-89B2196B0B95}
		{5FFE6523-C389-4646-A2A4-44F299074687} = {3DDC9D5E-BDEE-4DF4-BD02-68F8C990C3EB}
		{15D588E0-79D7-4D11-8EE7-D9771C8761F3} = {3DDC9D5E-BDEE-4DF4-BD02-68F8C990C3EB}
		{BD3917FD-9DE1-410C-B286-0A979C4AABBF} = {8E1E51C3-B414-44FA-891A-5E8A36689BD8}
		{C25D48D4-CF7C-4A73-8DA4-622F1CC02D54} = {3DDC9D5E-BDEE-4DF4-BD02-68F8C990C3EB}
	EndGlobalSection
	GlobalSection(ExtensibilityGlobals) = postSolution
		SolutionGuid = {E298B233-FC1C-4002-9D3C-2E1BFE3D5C5B}
	EndGlobalSection
EndGlobal
